
Microsoft Visual Studio Solution File, Format Version 12.00
# Visual Studio 2013
VisualStudioVersion = 12.0.31101.0
MinimumVisualStudioVersion = 10.0.40219.1
Project("{2150E333-8FDC-42A3-9474-1A3956D46DE8}") = "src", "src", "{10A1D756-4F8F-47DC-882E-8CFE58D5EE55}"
EndProject
Project("{F2A71F9B-5D33-465A-A702-920D77279786}") = "Chiron", "src\Chiron\Chiron.fsproj", "{0C508EEE-E451-4BB3-863A-36D3DD7DA413}"
EndProject
Project("{2150E333-8FDC-42A3-9474-1A3956D46DE8}") = "tests", "tests", "{9CFCA560-5277-474D-9535-5895502DAF4E}"
EndProject
Project("{F2A71F9B-5D33-465A-A702-920D77279786}") = "Chiron.Tests", "tests\Chiron.Tests\Chiron.Tests.fsproj", "{948B05DB-C8B2-42CB-A5A6-F93B8C9096DE}"
EndProject
Project("{2150E333-8FDC-42A3-9474-1A3956D46DE8}") = "sln", "sln", "{5E1D0790-B7BC-46CF-8780-4E66EEC95AC7}"
EndProject
Project("{2150E333-8FDC-42A3-9474-1A3956D46DE8}") = "paket", "paket", "{2096F0EA-E379-4C9A-8546-680617B7CC1E}"
	ProjectSection(SolutionItems) = preProject
		paket.dependencies = paket.dependencies
		paket.lock = paket.lock
	EndProjectSection
EndProject
Project("{2150E333-8FDC-42A3-9474-1A3956D46DE8}") = "references", "references", "{A9BA802C-64D5-4706-8465-657F8AF7180F}"
EndProject
Project("{2150E333-8FDC-42A3-9474-1A3956D46DE8}") = "src", "src", "{D85F3E6B-3A52-4099-953E-06B9766538A4}"
	ProjectSection(SolutionItems) = preProject
		src\Chiron\Chiron.fsproj.paket.references = src\Chiron\Chiron.fsproj.paket.references
	EndProjectSection
EndProject
Project("{2150E333-8FDC-42A3-9474-1A3956D46DE8}") = "tests", "tests", "{7BA60919-04CD-4D84-AFA7-A2F908541D95}"
	ProjectSection(SolutionItems) = preProject
		tests\Chiron.Tests\Chiron.Tests.fsproj.paket.references = tests\Chiron.Tests\Chiron.Tests.fsproj.paket.references
	EndProjectSection
EndProject
Project("{2150E333-8FDC-42A3-9474-1A3956D46DE8}") = "nuget", "nuget", "{F87BBE06-BC6A-4C39-AB27-C906CE8F761F}"
	ProjectSection(SolutionItems) = preProject
		nuget\Chiron.nuspec = nuget\Chiron.nuspec
	EndProjectSection
EndProject
Project("{2150E333-8FDC-42A3-9474-1A3956D46DE8}") = "fake", "fake", "{21B241CF-5EC0-40D9-80E3-3F6016F9B31F}"
	ProjectSection(SolutionItems) = preProject
		build.cmd = build.cmd
		build.fsx = build.fsx
	EndProjectSection
EndProject
Project("{2150E333-8FDC-42A3-9474-1A3956D46DE8}") = "templates", "templates", "{E3D6C8D9-C156-414B-A293-97147CB020BC}"
EndProject
Global
	GlobalSection(SolutionConfigurationPlatforms) = preSolution
		Debug|Any CPU = Debug|Any CPU
		Release|Any CPU = Release|Any CPU
	EndGlobalSection
	GlobalSection(ProjectConfigurationPlatforms) = postSolution
		{0C508EEE-E451-4BB3-863A-36D3DD7DA413}.Debug|Any CPU.ActiveCfg = Debug|Any CPU
		{0C508EEE-E451-4BB3-863A-36D3DD7DA413}.Debug|Any CPU.Build.0 = Debug|Any CPU
		{0C508EEE-E451-4BB3-863A-36D3DD7DA413}.Release|Any CPU.ActiveCfg = Release|Any CPU
		{0C508EEE-E451-4BB3-863A-36D3DD7DA413}.Release|Any CPU.Build.0 = Release|Any CPU
		{948B05DB-C8B2-42CB-A5A6-F93B8C9096DE}.Debug|Any CPU.ActiveCfg = Debug|Any CPU
		{948B05DB-C8B2-42CB-A5A6-F93B8C9096DE}.Debug|Any CPU.Build.0 = Debug|Any CPU
		{948B05DB-C8B2-42CB-A5A6-F93B8C9096DE}.Release|Any CPU.ActiveCfg = Release|Any CPU
		{948B05DB-C8B2-42CB-A5A6-F93B8C9096DE}.Release|Any CPU.Build.0 = Release|Any CPU
	EndGlobalSection
	GlobalSection(SolutionProperties) = preSolution
		HideSolutionNode = FALSE
	EndGlobalSection
	GlobalSection(NestedProjects) = preSolution
		{0C508EEE-E451-4BB3-863A-36D3DD7DA413} = {10A1D756-4F8F-47DC-882E-8CFE58D5EE55}
		{948B05DB-C8B2-42CB-A5A6-F93B8C9096DE} = {9CFCA560-5277-474D-9535-5895502DAF4E}
		{2096F0EA-E379-4C9A-8546-680617B7CC1E} = {5E1D0790-B7BC-46CF-8780-4E66EEC95AC7}
		{A9BA802C-64D5-4706-8465-657F8AF7180F} = {2096F0EA-E379-4C9A-8546-680617B7CC1E}
		{D85F3E6B-3A52-4099-953E-06B9766538A4} = {A9BA802C-64D5-4706-8465-657F8AF7180F}
		{7BA60919-04CD-4D84-AFA7-A2F908541D95} = {A9BA802C-64D5-4706-8465-657F8AF7180F}
		{F87BBE06-BC6A-4C39-AB27-C906CE8F761F} = {5E1D0790-B7BC-46CF-8780-4E66EEC95AC7}
		{21B241CF-5EC0-40D9-80E3-3F6016F9B31F} = {5E1D0790-B7BC-46CF-8780-4E66EEC95AC7}
		{E3D6C8D9-C156-414B-A293-97147CB020BC} = {2096F0EA-E379-4C9A-8546-680617B7CC1E}
	EndGlobalSection
EndGlobal
